Microsoft Visual Studio Solution File, Format Version 11.00
# Visual Studio 2008

Project("{65286BF7-8194-C1AF-726E-DEACBF726DFA}") = "Nightmare-Break", "Assembly-CSharp.csproj", "{D352B65B-CE6F-3158-F46A-55397E837AA9}"
EndProject
Global
	GlobalSection(SolutionConfigurationPlatforms) = preSolution
		Debug|Any CPU = Debug|Any CPU
		Release|Any CPU = Release|Any CPU
	EndGlobalSection
	GlobalSection(ProjectConfigurationPlatforms) = postSolution
		{D352B65B-CE6F-3158-F46A-55397E837AA9}.Debug|Any CPU.ActiveCfg = Debug|Any CPU
		{D352B65B-CE6F-3158-F46A-55397E837AA9}.Debug|Any CPU.Build.0 = Debug|Any CPU
		{D352B65B-CE6F-3158-F46A-55397E837AA9}.Release|Any CPU.ActiveCfg = Release|Any CPU
		{D352B65B-CE6F-3158-F46A-55397E837AA9}.Release|Any CPU.Build.0 = Release|Any CPU
	EndGlobalSection
	GlobalSection(SolutionProperties) = preSolution
		HideSolutionNode = FALSE
	EndGlobalSection
	GlobalSection(MonoDevelopProperties) = preSolution
		StartupItem = Assembly-CSharp.csproj
	EndGlobalSection
EndGlobal
